
Microsoft Visual Studio Solution File, Format Version 12.00
# Visual Studio 15
VisualStudioVersion = 15.0.28307.329
MinimumVisualStudioVersion = 10.0.40219.1
Project("{8BC9CEB8-8B4A-11D0-8D11-00A0C91BC942}") = "XO", "XO\XO.vcxproj", "{45424756-3777-4ADF-B0A4-07983DB9C4F4}"
EndProject
Global
	GlobalSection(SolutionConfigurationPlatforms) = preSolution
		Debug|x64 = Debug|x64
		Debug|x86 = Debug|x86
		Release|x64 = Release|x64
		Release|x86 = Release|x86
	EndGlobalSection
	GlobalSection(ProjectConfigurationPlatforms) = postSolution
		{45424756-3777-4ADF-B0A4-07983DB9C4F4}.Debug|x64.ActiveCfg = Debug|x64
		{45424756-3777-4ADF-B0A4-07983DB9C4F4}.Debug|x64.Build.0 = Debug|x64
		{45424756-3777-4ADF-B0A4-07983DB9C4F4}.Debug|x86.ActiveCfg = Debug|Win32
		{45424756-3777-4ADF-B0A4-07983DB9C4F4}.Debug|x86.Build.0 = Debug|Win32
		{45424756-3777-4ADF-B0A4-07983DB9C4F4}.Release|x64.ActiveCfg = Release|x64
		{45424756-3777-4ADF-B0A4-07983DB9C4F4}.Release|x64.Build.0 = Release|x64
		{45424756-3777-4ADF-B0A4-07983DB9C4F4}.Release|x86.ActiveCfg = Release|Win32
		{45424756-3777-4ADF-B0A4-07983DB9C4F4}.Release|x86.Build.0 = Release|Win32
	EndGlobalSection
	GlobalSection(SolutionProperties) = preSolution
		HideSolutionNode = FALSE
	EndGlobalSection
	GlobalSection(ExtensibilityGlobals) = postSolution
		SolutionGuid = {7A0B5A6D-FB18-40DE-9375-825F778F8057}
	EndGlobalSection
EndGlobal
